PODS:
  - connectivity_plus_macos (0.0.1):
    - FlutterMacOS
    - ReachabilitySwift
  - FlutterMacOS (1.0.0)
  - FMDB (2.7.5):
    - FMDB/standard (= 2.7.5)
  - FMDB/standard (2.7.5)
  - multi_window_macos (0.0.1):
    - FlutterMacOS
  - ObjectBox (1.7.0-sync)
  - objectbox_sync_flutter_libs (0.0.1):
    - FlutterMacOS
    - ObjectBox (= 1.7.0-sync)
  - path_provider_macos (0.0.1):
    - FlutterMacOS
  - ReachabilitySwift (5.0.0)
  - shared_preferences_macos (0.0.1):
    - FlutterMacOS
  - sqflite (0.0.2):
    - FlutterMacOS
    - FMDB (>= 2.7.5)

DEPENDENCIES:
  - connectivity_plus_macos (from `Flutter/ephemeral/.symlinks/plugins/connectivity_plus_macos/macos`)
  - FlutterMacOS (from `Flutter/ephemeral`)
  - multi_window_macos (from `Flutter/ephemeral/.symlinks/plugins/multi_window_macos/macos`)
  - objectbox_sync_flutter_libs (from `Flutter/ephemeral/.symlinks/plugins/objectbox_sync_flutter_libs/macos`)
  - path_provider_macos (from `Flutter/ephemeral/.symlinks/plugins/path_provider_macos/macos`)
  - shared_preferences_macos (from `Flutter/ephemeral/.symlinks/plugins/shared_preferences_macos/macos`)
  - sqflite (from `Flutter/ephemeral/.symlinks/plugins/sqflite/macos`)

SPEC REPOS:
  trunk:
    - FMDB
    - ObjectBox
    - ReachabilitySwift

EXTERNAL SOURCES:
  connectivity_plus_macos:
    :path: Flutter/ephemeral/.symlinks/plugins/connectivity_plus_macos/macos
  FlutterMacOS:
    :path: Flutter/ephemeral
  multi_window_macos:
    :path: Flutter/ephemeral/.symlinks/plugins/multi_window_macos/macos
  objectbox_sync_flutter_libs:
    :path: Flutter/ephemeral/.symlinks/plugins/objectbox_sync_flutter_libs/macos
  path_provider_macos:
    :path: Flutter/ephemeral/.symlinks/plugins/path_provider_macos/macos
  shared_preferences_macos:
    :path: Flutter/ephemeral/.symlinks/plugins/shared_preferences_macos/macos
  sqflite:
    :path: Flutter/ephemeral/.symlinks/plugins/sqflite/macos

SPEC CHECKSUMS:
  connectivity_plus_macos: f6e86fd000e971d361e54b5afcadc8c8fa773308
  FlutterMacOS: ae6af50a8ea7d6103d888583d46bd8328a7e9811
  FMDB: 2ce00b547f966261cd18927a3ddb07cb6f3db82a
  multi_window_macos: dffe0ffd4274adcc78c8482323d3742fada1aed7
  ObjectBox: 11572df0386ab8736912006015148f0c9c68aa0e
  objectbox_sync_flutter_libs: 6fb807eb58ea54c53a94647b0fbf4419b120327f
  path_provider_macos: 3c0c3b4b0d4a76d2bf989a913c2de869c5641a19
  ReachabilitySwift: 985039c6f7b23a1da463388634119492ff86c825
  shared_preferences_macos: a64dc611287ed6cbe28fd1297898db1336975727
  sqflite: a5789cceda41d54d23f31d6de539d65bb14100ea

PODFILE CHECKSUM: f123aa273a6e264bc3e7f1cdc07e8b0ccfdecac7

COCOAPODS: 1.11.3
